{
    "_readme": [
        "This file locks the dependencies of your project to a known state",
        "Read more about it at https://getcomposer.org/doc/01-basic-usage.md#composer-lock-the-lock-file",
        "This file is @generated automatically"
    ],
    "hash": "4963b0bbf8c48e711bc8d33a66dd2e0f",
    "packages": [
        {
            "name": "nubs/hiatus",
            "version": "1.2.1",
            "source": {
                "type": "git",
                "url": "https://github.com/nubs/hiatus.git",
                "reference": "1900313914fd70e27e2377d6cde4337d9494ab5e"
            },
            "dist": {
                "type": "zip",
                "url": "https://api.github.com/repos/nubs/hiatus/zipball/1900313914fd70e27e2377d6cde4337d9494ab5e",
                "reference": "1900313914fd70e27e2377d6cde4337d9494ab5e",
                "shasum": ""
            },
            "require": {
                "php": ">=5.4.0"
            },
            "type": "library",
            "autoload": {
                "files": [
                    "src/hiatus.php"
                ]
            },
            "notification-url": "https://packagist.org/downloads/",
            "license": [
                "MIT"
            ],
            "authors": [
                {
                    "name": "Spencer Rinehart",
                    "email": "anubis@overthemonkey.com",
                    "role": "Developer"
                }
            ],
            "description": "A library for executing shell commands with an optional timeout.",
            "keywords": [
                "exec",
                "execution",
                "shell",
                "timeout"
            ],
            "time": "2013-07-16 15:22:11"
        }
    ],
    "packages-dev": [],
    "aliases": [],
    "minimum-stability": "stable",
    "stability-flags": [],
    "prefer-stable": false,
    "prefer-lowest": false,
    "platform": {
        "php": "~5.4 || ~7.0"
    },
    "platform-dev": []
}
