{
    "_readme": [
        "This file locks the dependencies of your project to a known state",
        "Read more about it at http://getcomposer.org/doc/01-basic-usage.md#composer-lock-the-lock-file"
    ],
    "hash": "9ecc64ec855326924ebef1b324faa83e",
    "packages": [
        {
            "name": "nubs/hiatus",
            "version": "v1.1.0",
            "source": {
                "type": "git",
                "url": "https://github.com/nubs/hiatus.git",
                "reference": "v1.1.0"
            },
            "dist": {
                "type": "zip",
                "url": "https://api.github.com/repos/nubs/hiatus/zipball/v1.1.0",
                "reference": "v1.1.0",
                "shasum": ""
            },
            "require": {
                "php": ">=5.4.0"
            },
            "type": "library",
            "autoload": {
                "files": [
                    "src/hiatus.php"
                ]
            },
            "notification-url": "https://packagist.org/downloads/",
            "license": [
                "MIT"
            ],
            "authors": [
                {
                    "name": "Spencer Rinehart",
                    "email": "anubis@overthemonkey.com",
                    "role": "Developer"
                }
            ],
            "description": "A library for executing shell commands with an optional timeout.",
            "keywords": [
                "exec",
                "execution",
                "shell",
                "timeout"
            ],
            "time": "2013-07-15 02:24:17"
        }
    ],
    "packages-dev": [

    ],
    "aliases": [

    ],
    "minimum-stability": "stable",
    "stability-flags": [

    ],
    "platform": {
        "php": ">=5.4.0"
    },
    "platform-dev": [

    ]
}
